{
    "_meta": {
        "hash": {
            "sha256": "b26c1f52ba816c24a18d541485dc99c1f1afe5d03bf5a3db3491d374d780e644"
        },
        "pipfile-spec": 6,
        "requires": {
            "python_version": "3.7"
        },
        "sources": [
            {
                "name": "pypi",
                "url": "https://pypi.org/simple",
                "verify_ssl": true
            }
        ]
    },
    "default": {
        "mpmath": {
            "hashes": [
                "sha256:7a28eb2a9774d00c7bc92411c19a89209d5da7c4c9a9e227be8330a23a25b91f",
                "sha256:a0b2b9fe80bbcd81a6647ff13108738cfb482d481d826cc0e02f5b35e5c88d2c"
            ],
            "index": "pypi",
            "version": "==1.3.0"
        },
        "numeral": {
            "hashes": [
                "sha256:33e004e30ebae5f8a32d74ff4e4c0b4f95f001885a03b52376870596d310660c"
            ],
            "index": "pypi",
            "version": "==0.1.0.11"
        },
        "numpy": {
            "hashes": [
                "sha256:1dbe1c91269f880e364526649a52eff93ac30035507ae980d2fed33aaee633ac",
                "sha256:357768c2e4451ac241465157a3e929b265dfac85d9214074985b1786244f2ef3",
                "sha256:3820724272f9913b597ccd13a467cc492a0da6b05df26ea09e78b171a0bb9da6",
                "sha256:4391bd07606be175aafd267ef9bea87cf1b8210c787666ce82073b05f202add1",
                "sha256:4aa48afdce4660b0076a00d80afa54e8a97cd49f457d68a4342d188a09451c1a",
                "sha256:58459d3bad03343ac4b1b42ed14d571b8743dc80ccbf27444f266729df1d6f5b",
                "sha256:5c3c8def4230e1b959671eb959083661b4a0d2e9af93ee339c7dada6759a9470",
                "sha256:5f30427731561ce75d7048ac254dbe47a2ba576229250fb60f0fb74db96501a1",
                "sha256:643843bcc1c50526b3a71cd2ee561cf0d8773f062c8cbaf9ffac9fdf573f83ab",
                "sha256:67c261d6c0a9981820c3a149d255a76918278a6b03b6a036800359aba1256d46",
                "sha256:67f21981ba2f9d7ba9ade60c9e8cbaa8cf8e9ae51673934480e45cf55e953673",
                "sha256:6aaf96c7f8cebc220cdfc03f1d5a31952f027dda050e5a703a0d1c396075e3e7",
                "sha256:7c4068a8c44014b2d55f3c3f574c376b2494ca9cc73d2f1bd692382b6dffe3db",
                "sha256:7c7e5fa88d9ff656e067876e4736379cc962d185d5cd808014a8a928d529ef4e",
                "sha256:7f5ae4f304257569ef3b948810816bc87c9146e8c446053539947eedeaa32786",
                "sha256:82691fda7c3f77c90e62da69ae60b5ac08e87e775b09813559f8901a88266552",
                "sha256:8737609c3bbdd48e380d463134a35ffad3b22dc56295eff6f79fd85bd0eeeb25",
                "sha256:9f411b2c3f3d76bba0865b35a425157c5dcf54937f82bbeb3d3c180789dd66a6",
                "sha256:a6be4cb0ef3b8c9250c19cc122267263093eee7edd4e3fa75395dfda8c17a8e2",
                "sha256:bcb238c9c96c00d3085b264e5c1a1207672577b93fa666c3b14a45240b14123a",
                "sha256:bf2ec4b75d0e9356edea834d1de42b31fe11f726a81dfb2c2112bc1eaa508fcf",
                "sha256:d136337ae3cc69aa5e447e78d8e1514be8c3ec9b54264e680cf0b4bd9011574f",
                "sha256:d4bf4d43077db55589ffc9009c0ba0a94fa4908b9586d6ccce2e0b164c86303c",
                "sha256:d6a96eef20f639e6a97d23e57dd0c1b1069a7b4fd7027482a4c5c451cd7732f4",
                "sha256:d9caa9d5e682102453d96a0ee10c7241b72859b01a941a397fd965f23b3e016b",
                "sha256:dd1c8f6bd65d07d3810b90d02eba7997e32abbdf1277a481d698969e921a3be0",
                "sha256:e31f0bb5928b793169b87e3d1e070f2342b22d5245c755e2b81caa29756246c3",
                "sha256:ecb55251139706669fdec2ff073c98ef8e9a84473e51e716211b41aa0f18e656",
                "sha256:ee5ec40fdd06d62fe5d4084bef4fd50fd4bb6bfd2bf519365f569dc470163ab0",
                "sha256:f17e562de9edf691a42ddb1eb4a5541c20dd3f9e65b09ded2beb0799c0cf29bb",
                "sha256:fdffbfb6832cd0b300995a2b08b8f6fa9f6e856d562800fea9182316d99c4e8e"
            ],
            "markers": "python_version < '3.11' and python_version >= '3.7'",
            "version": "==1.21.6"
        },
        "pygame": {
            "hashes": [
                "sha256:06dc92ccfea33b85f209db3d49f99a2a30c88fe9fb80fa2564cee443ece787b5",
                "sha256:0919a2ec5fcb0d00518c2a5fa99858ccf22d7fbcc0e12818b317062d11386984",
                "sha256:0a8c92e700e0042faefa998fa064616f330201890d6ea1c993eb3ff30ab53e99",
                "sha256:220a1048ebb3d11a4d48cc4219ec8f65ca62fcafd255239478677625e8ead2e9",
                "sha256:315861d2b8428f7b4d56d2c98d6c1acc18f08c77af4b129211bc036774f64be2",
                "sha256:3469e87867832fe5226396626a8a6a9dac9b2e21a7819dd8cd96cf0e08bbcd41",
                "sha256:54c19960180626165512d596235d75dc022d38844467cec769a8d8153fd66645",
                "sha256:5ba598736ab9716f53dc943a659a9578f62acfe00c0c9c5490f3aca61d078f75",
                "sha256:60ddc4f361babb30ff2d554132b1f3296490f3149d6c1c77682213563f59937a",
                "sha256:6a49ab8616a9de534f1bf62c98beabf0e0bb0b6ff8917576bba22820bba3fdad",
                "sha256:6d4966eeba652df2fd9a757b3fc5b29b578b47b58f991ad714471661ea2141cb",
                "sha256:700d1781c999af25d11bfd1f3e158ebb660f72ebccb2040ecafe5069d0b2c0b6",
                "sha256:73f4c28e894e76797b8ccaf6eb1205b433efdb803c70f489ebc3db6ac9c097e6",
                "sha256:786eca2bea11abd924f3f67eb2483bcb22acff08f28dbdbf67130abe54b23797",
                "sha256:7bcf586a1c51a735361ca03561979eea3180de45e6165bcdfa12878b752544af",
                "sha256:82a1e93d82c1babceeb278c55012a9f5140e77665d372a6d97ec67786856d254",
                "sha256:9e03589bc80a21ae951fca7659a767b7cac668289937e3756c0ab3d753cf6d24",
                "sha256:aa8926a4e34fb0943abe1a8bb04a0ad82265341bf20064c0862db0a521100dfc",
                "sha256:aa90689b889c417d2ac571ef2bbb5f7e735ae30c7553c60fae7508404f46c101",
                "sha256:c9f8cdefee267a2e690bf17d61a8f5670b620f25a981f24781b034363a8eedc9",
                "sha256:d9177afb2f46103bfc28a51fbc49ce18987a857e5c934db47b4a7030cb30fbd0",
                "sha256:deb0551d4bbfb8131e2463a7fe1943bfcec5beb11acdf9c4bfa27fa5a9758d62",
                "sha256:e7edfe57a5972aa9130ce9a186020a0f097e7a8e4c25e292109bdae1432b77f9",
                "sha256:f0ad32efb9e26160645d62ba6cf3e5a5828dc4e82e8f41f9badfe7b685b07295"
            ],
            "index": "pypi",
            "version": "==1.9.4"
        },
        "pytuning": {
            "hashes": [
                "sha256:50b16a339351c902fdcd1ffc038d25fd537959b316ec8621fe4f6009de4fa67f"
            ],
            "index": "pypi",
            "version": "==0.7.2"
        },
        "scipy": {
            "hashes": [
                "sha256:0611ee97296265af4a21164a5323f8c1b4e8e15c582d3dfa7610825900136bb7",
                "sha256:08237eda23fd8e4e54838258b124f1cd141379a5f281b0a234ca99b38918c07a",
                "sha256:0e645dbfc03f279e1946cf07c9c754c2a1859cb4a41c5f70b25f6b3a586b6dbd",
                "sha256:0e9bb7efe5f051ea7212555b290e784b82f21ffd0f655405ac4f87e288b730b3",
                "sha256:108c16640849e5827e7d51023efb3bd79244098c3f21e4897a1007720cb7ce37",
                "sha256:340ef70f5b0f4e2b4b43c8c8061165911bc6b2ad16f8de85d9774545e2c47463",
                "sha256:3ad73dfc6f82e494195144bd3a129c7241e761179b7cb5c07b9a0ede99c686f3",
                "sha256:3b243c77a822cd034dad53058d7c2abf80062aa6f4a32e9799c95d6391558631",
                "sha256:404a00314e85eca9d46b80929571b938e97a143b4f2ddc2b2b3c91a4c4ead9c5",
                "sha256:423b3ff76957d29d1cce1bc0d62ebaf9a3fdfaf62344e3fdec14619bb7b5ad3a",
                "sha256:42d9149a2fff7affdd352d157fa5717033767857c11bd55aa4a519a44343dfef",
                "sha256:625f25a6b7d795e8830cb70439453c9f163e6870e710ec99eba5722775b318f3",
                "sha256:698c6409da58686f2df3d6f815491fd5b4c2de6817a45379517c92366eea208f",
                "sha256:729f8f8363d32cebcb946de278324ab43d28096f36593be6281ca1ee86ce6559",
                "sha256:8190770146a4c8ed5d330d5b5ad1c76251c63349d25c96b3094875b930c44692",
                "sha256:878352408424dffaa695ffedf2f9f92844e116686923ed9aa8626fc30d32cfd1",
                "sha256:8b984f0821577d889f3c7ca8445564175fb4ac7c7f9659b7c60bef95b2b70e76",
                "sha256:8f841bbc21d3dad2111a94c490fb0a591b8612ffea86b8e5571746ae76a3deac",
                "sha256:c22b27371b3866c92796e5d7907e914f0e58a36d3222c5d436ddd3f0e354227a",
                "sha256:d0cdd5658b49a722783b8b4f61a6f1f9c75042d0e29a30ccb6cacc9b25f6d9e2",
                "sha256:d40dc7f494b06dcee0d303e51a00451b2da6119acbeaccf8369f2d29e28917ac",
                "sha256:d8491d4784aceb1f100ddb8e31239c54e4afab8d607928a9f7ef2469ec35ae01",
                "sha256:dfc5080c38dde3f43d8fbb9c0539a7839683475226cf83e4b24363b227dfe552",
                "sha256:e24e22c8d98d3c704bb3410bce9b69e122a8de487ad3dbfe9985d154e5c03a40",
                "sha256:e7a01e53163818d56eabddcafdc2090e9daba178aad05516b20c6591c4811020",
                "sha256:ee677635393414930541a096fc8e61634304bb0153e4e02b75685b11eba14cae",
                "sha256:f0521af1b722265d824d6ad055acfe9bd3341765735c44b5a4d0069e189a0f40",
                "sha256:f25c281f12c0da726c6ed00535ca5d1622ec755c30a3f8eafef26cf43fede694"
            ],
            "index": "pypi",
            "version": "==1.1.0"
        },
        "sympy": {
            "hashes": [
                "sha256:5939eeffdf9e152172601463626c022a2c27e75cf6278de8d401d50c9d58787b",
                "sha256:df75d738930f6fe9ebe7034e59d56698f29e85f443f743e51e47df0caccc2130"
            ],
            "markers": "python_version >= '3.7'",
            "version": "==1.10.1"
        }
    },
    "develop": {
        "atomicwrites": {
            "hashes": [
                "sha256:81b2c9071a49367a7f770170e5eec8cb66567cfbbc8c73d20ce5ca4a8d71cf11"
            ],
            "version": "==1.4.1"
        },
        "attrs": {
            "hashes": [
                "sha256:1f28b4522cdc2fb4256ac1a020c78acf9cba2c6b461ccd2c126f3aa8e8335d04",
                "sha256:6279836d581513a26f1bf235f9acd333bc9115683f14f7e8fae46c98fc50e015"
            ],
            "markers": "python_version >= '3.7'",
            "version": "==23.1.0"
        },
        "importlib-metadata": {
            "hashes": [
                "sha256:43dd286a2cd8995d5eaef7fee2066340423b818ed3fd70adf0bad5f1fac53fed",
                "sha256:92501cdf9cc66ebd3e612f1b4f0c0765dfa42f0fa38ffb319b6bd84dd675d705"
            ],
            "markers": "python_version < '3.8'",
            "version": "==6.6.0"
        },
        "more-itertools": {
            "hashes": [
                "sha256:cabaa341ad0389ea83c17a94566a53ae4c9d07349861ecb14dc6d0345cf9ac5d",
                "sha256:d2bc7f02446e86a68911e58ded76d6561eea00cddfb2a91e7019bbb586c799f3"
            ],
            "markers": "python_version >= '3.7'",
            "version": "==9.1.0"
        },
        "pluggy": {
            "hashes": [
                "sha256:4224373bacce55f955a878bf9cfa763c1e360858e330072059e10bad68531159",
                "sha256:74134bbf457f031a36d68416e1509f34bd5ccc019f0bcc952c7b909d06b37bd3"
            ],
            "markers": "python_version >= '3.6'",
            "version": "==1.0.0"
        },
        "py": {
            "hashes": [
                "sha256:51c75c4126074b472f746a24399ad32f6053d1b34b68d2fa41e558e6f4a98719",
                "sha256:607c53218732647dff4acdfcd50cb62615cedf612e72d1724fb1a0cc6405b378"
            ],
            "markers": "python_version >= '2.7' and python_version not in '3.0, 3.1, 3.2, 3.3, 3.4'",
            "version": "==1.11.0"
        },
        "pytest": {
            "hashes": [
                "sha256:453cbbbe5ce6db38717d282b758b917de84802af4288910c12442984bde7b823",
                "sha256:a8a07f84e680482eb51e244370aaf2caa6301ef265f37c2bdefb3dd3b663f99d"
            ],
            "index": "pypi",
            "version": "==3.8.0"
        },
        "rope": {
            "hashes": [
                "sha256:a108c445e1cd897fe19272ab7877d172e7faf3d4148c80e7d20faba42ea8f7b2"
            ],
            "index": "pypi",
            "version": "==0.11.0"
        },
        "setuptools": {
            "hashes": [
                "sha256:5df61bf30bb10c6f756eb19e7c9f3b473051f48db77fddbe06ff2ca307df9a6f",
                "sha256:62642358adc77ffa87233bc4d2354c4b2682d214048f500964dbe760ccedf102"
            ],
            "markers": "python_version >= '3.7'",
            "version": "==67.8.0"
        },
        "six": {
            "hashes": [
                "sha256:1e61c37477a1626458e36f7b1d82aa5c9b094fa4802892072e49de9c60c4c926",
                "sha256:8abb2f1d86890a2dfb989f9a77cfcfd3e47c2a354b01111771326f8aa26e0254"
            ],
            "markers": "python_version >= '2.7' and python_version not in '3.0, 3.1, 3.2, 3.3'",
            "version": "==1.16.0"
        },
        "typing-extensions": {
            "hashes": [
                "sha256:5cb5f4a79139d699607b3ef622a1dedafa84e115ab0024e0d9c044a9479ca7cb",
                "sha256:fb33085c39dd998ac16d1431ebc293a8b3eedd00fd4a32de0ff79002c19511b4"
            ],
            "markers": "python_version < '3.8'",
            "version": "==4.5.0"
        },
        "zipp": {
            "hashes": [
                "sha256:112929ad649da941c23de50f356a2b5570c954b65150642bccdd66bf194d224b",
                "sha256:48904fc76a60e542af151aded95726c1a5c34ed43ab4134b597665c86d7ad556"
            ],
            "markers": "python_version >= '3.7'",
            "version": "==3.15.0"
        }
    }
}
